
Microsoft Visual Studio Solution File, Format Version 12.00
# Visual Studio Version 17
VisualStudioVersion = 17.5.33103.201
MinimumVisualStudioVersion = 10.0.40219.1
Project("{9A19103F-16F7-4668-BE54-9A1E7A4F7556}") = "WorkerConsumoAPIContagem", "WorkerConsumoAPIContagem.csproj", "{B432949F-A060-4C06-8CF2-CC0623BB69EA}"
EndProject
Global
	GlobalSection(SolutionConfigurationPlatforms) = preSolution
		Debug|Any CPU = Debug|Any CPU
		Release|Any CPU = Release|Any CPU
	EndGlobalSection
	GlobalSection(ProjectConfigurationPlatforms) = postSolution
		{B432949F-A060-4C06-8CF2-CC0623BB69EA}.Debug|Any CPU.ActiveCfg = Debug|Any CPU
		{B432949F-A060-4C06-8CF2-CC0623BB69EA}.Debug|Any CPU.Build.0 = Debug|Any CPU
		{B432949F-A060-4C06-8CF2-CC0623BB69EA}.Release|Any CPU.ActiveCfg = Release|Any CPU
		{B432949F-A060-4C06-8CF2-CC0623BB69EA}.Release|Any CPU.Build.0 = Release|Any CPU
	EndGlobalSection
	GlobalSection(SolutionProperties) = preSolution
		HideSolutionNode = FALSE
	EndGlobalSection
	GlobalSection(ExtensibilityGlobals) = postSolution
		SolutionGuid = {66FDE1DF-C630-4C92-8DD5-A7C4A325EFCF}
	EndGlobalSection
EndGlobal
